
Microsoft Visual Studio Solution File, Format Version 12.00
# Visual Studio Version 17
VisualStudioVersion = 17.9.34723.18
MinimumVisualStudioVersion = 10.0.40219.1
Project("{9A19103F-16F7-4668-BE54-9A1E7A4F7556}") = "ApplicationTracker", "ApplicationTracker.csproj", "{CD02A964-E17B-44C1-A0B9-BB942CE2467E}"
EndProject
Project("{FAE04EC0-301F-11D3-BF4B-00C04F79EFBC}") = "ApplicationTracker.Test", "..\ApplicationTracker.Test\ApplicationTracker.Test.csproj", "{213A399F-6DEB-4CB9-BCDB-7ABEACE6CE38}"
EndProject
Global
	GlobalSection(SolutionConfigurationPlatforms) = preSolution
		Debug|Any CPU = Debug|Any CPU
		Release|Any CPU = Release|Any CPU
	EndGlobalSection
	GlobalSection(ProjectConfigurationPlatforms) = postSolution
		{CD02A964-E17B-44C1-A0B9-BB942CE2467E}.Debug|Any CPU.ActiveCfg = Debug|Any CPU
		{CD02A964-E17B-44C1-A0B9-BB942CE2467E}.Debug|Any CPU.Build.0 = Debug|Any CPU
		{CD02A964-E17B-44C1-A0B9-BB942CE2467E}.Release|Any CPU.ActiveCfg = Release|Any CPU
		{CD02A964-E17B-44C1-A0B9-BB942CE2467E}.Release|Any CPU.Build.0 = Release|Any CPU
		{213A399F-6DEB-4CB9-BCDB-7ABEACE6CE38}.Debug|Any CPU.ActiveCfg = Debug|Any CPU
		{213A399F-6DEB-4CB9-BCDB-7ABEACE6CE38}.Debug|Any CPU.Build.0 = Debug|Any CPU
		{213A399F-6DEB-4CB9-BCDB-7ABEACE6CE38}.Release|Any CPU.ActiveCfg = Release|Any CPU
		{213A399F-6DEB-4CB9-BCDB-7ABEACE6CE38}.Release|Any CPU.Build.0 = Release|Any CPU
	EndGlobalSection
	GlobalSection(SolutionProperties) = preSolution
		HideSolutionNode = FALSE
	EndGlobalSection
	GlobalSection(ExtensibilityGlobals) = postSolution
		SolutionGuid = {59069209-B260-495E-9DF2-A747C18C5820}
	EndGlobalSection
EndGlobal
